
Microsoft Visual Studio Solution File, Format Version 12.00
# Visual Studio Version 17
VisualStudioVersion = 17.1.32414.318
MinimumVisualStudioVersion = 10.0.40219.1
Project("{2150E333-8FDC-42A3-9474-1A3956D46DE8}") = "Solution Items", "Solution Items", "{410295FC-3DA2-42FE-BD6F-1F7F30AFB941}"
EndProject
Project("{9A19103F-16F7-4668-BE54-9A1E7A4F7556}") = "SolarWinds.Tools.Orion.AlertDataGenerator", "SolarWinds.Tools.Orion.AlertDataGenerator\SolarWinds.Tools.Orion.AlertDataGenerator.csproj", "{B8002646-65CB-4599-AFC4-1B111DC723AF}"
EndProject
Project("{9A19103F-16F7-4668-BE54-9A1E7A4F7556}") = "SolarWinds.Tools.CommandLineTool", "SolarWinds.Tools.CommandLineTool\SolarWinds.Tools.CommandLineTool.csproj", "{EEB744E0-88BE-4F2B-96A9-8F18BD1E5011}"
EndProject
Global
	GlobalSection(SolutionConfigurationPlatforms) = preSolution
		Debug|Any CPU = Debug|Any CPU
		Release|Any CPU = Release|Any CPU
	EndGlobalSection
	GlobalSection(ProjectConfigurationPlatforms) = postSolution
		{B8002646-65CB-4599-AFC4-1B111DC723AF}.Debug|Any CPU.ActiveCfg = Debug|Any CPU
		{B8002646-65CB-4599-AFC4-1B111DC723AF}.Debug|Any CPU.Build.0 = Debug|Any CPU
		{B8002646-65CB-4599-AFC4-1B111DC723AF}.Release|Any CPU.ActiveCfg = Release|Any CPU
		{B8002646-65CB-4599-AFC4-1B111DC723AF}.Release|Any CPU.Build.0 = Release|Any CPU
		{EEB744E0-88BE-4F2B-96A9-8F18BD1E5011}.Debug|Any CPU.ActiveCfg = Debug|Any CPU
		{EEB744E0-88BE-4F2B-96A9-8F18BD1E5011}.Debug|Any CPU.Build.0 = Debug|Any CPU
		{EEB744E0-88BE-4F2B-96A9-8F18BD1E5011}.Release|Any CPU.ActiveCfg = Release|Any CPU
		{EEB744E0-88BE-4F2B-96A9-8F18BD1E5011}.Release|Any CPU.Build.0 = Release|Any CPU
	EndGlobalSection
	GlobalSection(SolutionProperties) = preSolution
		HideSolutionNode = FALSE
	EndGlobalSection
	GlobalSection(ExtensibilityGlobals) = postSolution
		SolutionGuid = {0BE2E94F-C1CA-44E8-A8A9-6634A3F6E29A}
	EndGlobalSection
EndGlobal
