
Microsoft Visual Studio Solution File, Format Version 12.00
# Visual Studio Version 17
VisualStudioVersion = 17.1.32414.318
MinimumVisualStudioVersion = 10.0.40219.1
Project("{FAE04EC0-301F-11D3-BF4B-00C04F79EFBC}") = "SolarWinds.Tools.Orion.AlertDataGenerator", ".\SolarWinds.Tools.Orion.AlertDataGenerator\SolarWinds.Tools.Orion.AlertDataGenerator.csproj", "{9A2D3796-09ED-47B9-B0A4-085290A5B624}"
EndProject
Project("{FAE04EC0-301F-11D3-BF4B-00C04F79EFBC}") = "SolarWinds.Tools.CommandLineTool", ".\SolarWinds.Tools.CommandLineTool\SolarWinds.Tools.CommandLineTool.csproj", "{5242B5F8-19F9-496E-AEA0-433B1021FF1A}"
EndProject
Global
	GlobalSection(SolutionConfigurationPlatforms) = preSolution
		Debug|Any CPU = Debug|Any CPU
		Release|Any CPU = Release|Any CPU
	EndGlobalSection
	GlobalSection(ProjectConfigurationPlatforms) = postSolution
		{9A2D3796-09ED-47B9-B0A4-085290A5B624}.Debug|Any CPU.ActiveCfg = Debug|Any CPU
		{9A2D3796-09ED-47B9-B0A4-085290A5B624}.Debug|Any CPU.Build.0 = Debug|Any CPU
		{9A2D3796-09ED-47B9-B0A4-085290A5B624}.Release|Any CPU.ActiveCfg = Release|Any CPU
		{9A2D3796-09ED-47B9-B0A4-085290A5B624}.Release|Any CPU.Build.0 = Release|Any CPU
		{5242B5F8-19F9-496E-AEA0-433B1021FF1A}.Debug|Any CPU.ActiveCfg = Debug|Any CPU
		{5242B5F8-19F9-496E-AEA0-433B1021FF1A}.Debug|Any CPU.Build.0 = Debug|Any CPU
		{5242B5F8-19F9-496E-AEA0-433B1021FF1A}.Release|Any CPU.ActiveCfg = Release|Any CPU
		{5242B5F8-19F9-496E-AEA0-433B1021FF1A}.Release|Any CPU.Build.0 = Release|Any CPU
	EndGlobalSection
	GlobalSection(SolutionProperties) = preSolution
		HideSolutionNode = FALSE
	EndGlobalSection
	GlobalSection(ExtensibilityGlobals) = postSolution
		SolutionGuid = {0BE2E94F-C1CA-44E8-A8A9-6634A3F6E29A}
	EndGlobalSection
EndGlobal
